
Microsoft Visual Studio Solution File, Format Version 12.00
# Visual Studio Version 17
VisualStudioVersion = 17.4.33213.308
MinimumVisualStudioVersion = 10.0.40219.1
Project("{FAE04EC0-301F-11D3-BF4B-00C04F79EFBC}") = "InterviewMS", "InterviewMS\InterviewMS.csproj", "{35120462-D528-4392-97E2-0A92F3BF5446}"
EndProject
Project("{FAE04EC0-301F-11D3-BF4B-00C04F79EFBC}") = "Infrastructure", "Infrastructure\Infrastructure.csproj", "{2253B6B8-3830-46EC-9327-A8EF858F8FAA}"
EndProject
Project("{FAE04EC0-301F-11D3-BF4B-00C04F79EFBC}") = "HandleLogicService", "HandleLogicService\HandleLogicService.csproj", "{D68A2647-D9BE-429B-82CE-D414CB8C4740}"
EndProject
Global
	GlobalSection(SolutionConfigurationPlatforms) = preSolution
		Debug|Any CPU = Debug|Any CPU
		Release|Any CPU = Release|Any CPU
	EndGlobalSection
	GlobalSection(ProjectConfigurationPlatforms) = postSolution
		{35120462-D528-4392-97E2-0A92F3BF5446}.Debug|Any CPU.ActiveCfg = Debug|Any CPU
		{35120462-D528-4392-97E2-0A92F3BF5446}.Debug|Any CPU.Build.0 = Debug|Any CPU
		{35120462-D528-4392-97E2-0A92F3BF5446}.Release|Any CPU.ActiveCfg = Release|Any CPU
		{35120462-D528-4392-97E2-0A92F3BF5446}.Release|Any CPU.Build.0 = Release|Any CPU
		{2253B6B8-3830-46EC-9327-A8EF858F8FAA}.Debug|Any CPU.ActiveCfg = Debug|Any CPU
		{2253B6B8-3830-46EC-9327-A8EF858F8FAA}.Debug|Any CPU.Build.0 = Debug|Any CPU
		{2253B6B8-3830-46EC-9327-A8EF858F8FAA}.Release|Any CPU.ActiveCfg = Release|Any CPU
		{2253B6B8-3830-46EC-9327-A8EF858F8FAA}.Release|Any CPU.Build.0 = Release|Any CPU
		{D68A2647-D9BE-429B-82CE-D414CB8C4740}.Debug|Any CPU.ActiveCfg = Debug|Any CPU
		{D68A2647-D9BE-429B-82CE-D414CB8C4740}.Debug|Any CPU.Build.0 = Debug|Any CPU
		{D68A2647-D9BE-429B-82CE-D414CB8C4740}.Release|Any CPU.ActiveCfg = Release|Any CPU
		{D68A2647-D9BE-429B-82CE-D414CB8C4740}.Release|Any CPU.Build.0 = Release|Any CPU
	EndGlobalSection
	GlobalSection(SolutionProperties) = preSolution
		HideSolutionNode = FALSE
	EndGlobalSection
	GlobalSection(ExtensibilityGlobals) = postSolution
		SolutionGuid = {79A247A2-F852-4287-8BC4-51F44AC17297}
	EndGlobalSection
EndGlobal
